{
  "nodes": {
    "nixpkgs": {
      "locked": {
        "lastModified": 1782467914,
        "narHash": "sha256-pGvFkM8N0xEkIIXDe5YYfbEAvHrk4IxBrjB/x8OomhE=",
        "owner": "nixos",
        "repo": "nixpkgs",
        "rev": "e73de5be04e0eff4190a1432b946d469c794e7b4",
        "type": "github"
      },
      "original": {
        "owner": "nixos",
        "ref": "nixos-unstable",
        "repo": "nixpkgs",
        "type": "github"
      }
    },
    "root": {
      "inputs": {
        "nixpkgs": "nixpkgs",
        "spectrum": "spectrum"
      }
    },
    "spectrum": {
      "flake": false,
      "locked": {
        "lastModified": 1782480951,
        "narHash": "sha256-jrfyAgv5XfYDXJJ28OzANQOQIlsfNaI1kM9Mt13n+5k=",
        "ref": "refs/heads/main",
        "rev": "e4562d4c7646fea3cbb7306ff9b7ff41154c75c3",
        "revCount": 1400,
        "type": "git",
        "url": "https://spectrum-os.org/git/spectrum"
      },
      "original": {
        "type": "git",
        "url": "https://spectrum-os.org/git/spectrum"
      }
    }
  },
  "root": "root",
  "version": 7
}
